// !$*UTF8*$!
{
	archiveVersion = 1;
	classes = {
	};
	objectVersion = 50;
	objects = {

/* Begin PBXBuildFile section */
		754BF7272383D24400E0FABE /* MainView.swift in Sources */ = {isa = PBXBuildFile; fileRef = 754BF7262383D24400E0FABE /* MainView.swift */; };
		754BF7292383D3A700E0FABE /* PaddingLabel.swift in Sources */ = {isa = PBXBuildFile; fileRef = 754BF7282383D3A700E0FABE /* PaddingLabel.swift */; };
		756D5AED237E9BDF006FB222 /* AppDelegate.swift in Sources */ = {isa = PBXBuildFile; fileRef = 756D5AEC237E9BDF006FB222 /* AppDelegate.swift */; };
		756D5AEF237E9BDF006FB222 /* SceneDelegate.swift in Sources */ = {isa = PBXBuildFile; fileRef = 756D5AEE237E9BDF006FB222 /* SceneDelegate.swift */; };
		756D5AF1237E9BDF006FB222 /* ViewController.swift in Sources */ = {isa = PBXBuildFile; fileRef = 756D5AF0237E9BDF006FB222 /* ViewController.swift */; };
		756D5AF4237E9BDF006FB222 /* Main.storyboard in Resources */ = {isa = PBXBuildFile; fileRef = 756D5AF2237E9BDF006FB222 /* Main.storyboard */; };
		756D5AF6237E9BE2006FB222 /* Assets.xcassets in Resources */ = {isa = PBXBuildFile; fileRef = 756D5AF5237E9BE2006FB222 /* Assets.xcassets */; };
		756D5AF9237E9BE2006FB222 /* LaunchScreen.storyboard in Resources */ = {isa = PBXBuildFile; fileRef = 756D5AF7237E9BE2006FB222 /* LaunchScreen.storyboard */; };
		756D5B04237E9BE2006FB222 /* Assignment2ShinHiroshiTests.swift in Sources */ = {isa = PBXBuildFile; fileRef = 756D5B03237E9BE2006FB222 /* Assignment2ShinHiroshiTests.swift */; };
		756D5B0F237E9BE2006FB222 /* Assignment2ShinHiroshiUITests.swift in Sources */ = {isa = PBXBuildFile; fileRef = 756D5B0E237E9BE2006FB222 /* Assignment2ShinHiroshiUITests.swift */; };
/* End PBXBuildFile section */

/* Begin PBXContainerItemProxy section */
		756D5B00237E9BE2006FB222 /* PBXContainerItemProxy */ = {
			isa = PBXContainerItemProxy;
			containerPortal = 756D5AE1237E9BDF006FB222 /* Project object */;
			proxyType = 1;
			remoteGlobalIDString = 756D5AE8237E9BDF006FB222;
			remoteInfo = Assignment2ShinHiroshi;
		};
		756D5B0B237E9BE2006FB222 /* PBXContainerItemProxy */ = {
			isa = PBXContainerItemProxy;
			containerPortal = 756D5AE1237E9BDF006FB222 /* Project object */;
			proxyType = 1;
			remoteGlobalIDString = 756D5AE8237E9BDF006FB222;
			remoteInfo = Assignment2ShinHiroshi;
		};
/* End PBXContainerItemProxy section */

/* Begin PBXFileReference section */
		754BF7262383D24400E0FABE /* MainView.swift */ = {isa = PBXFileReference; lastKnownFileType = sourcecode.swift; path = MainView.swift; sourceTree = "<group>"; };
		754BF7282383D3A700E0FABE /* PaddingLabel.swift */ = {isa = PBXFileReference; lastKnownFileType = sourcecode.swift; path = PaddingLabel.swift; sourceTree = "<group>"; };
		756D5AE9237E9BDF006FB222 /* Assignment2ShinHiroshi.app */ = {isa = PBXFileReference; explicitFileType = wrapper.application; includeInIndex = 0; path = Assignment2ShinHiroshi.app; sourceTree = BUILT_PRODUCTS_DIR; };
		756D5AEC237E9BDF006FB222 /* AppDelegate.swift */ = {isa = PBXFileReference; lastKnownFileType = sourcecode.swift; path = AppDelegate.swift; sourceTree = "<group>"; };
		756D5AEE237E9BDF006FB222 /* SceneDelegate.swift */ = {isa = PBXFileReference; lastKnownFileType = sourcecode.swift; path = SceneDelegate.swift; sourceTree = "<group>"; };
		756D5AF0237E9BDF006FB222 /* ViewController.swift */ = {isa = PBXFileReference; lastKnownFileType = sourcecode.swift; path = ViewController.swift; sourceTree = "<group>"; };
		756D5AF3237E9BDF006FB222 /* Base */ = {isa = PBXFileReference; lastKnownFileType = file.storyboard; name = Base; path = Base.lproj/Main.storyboard; sourceTree = "<group>"; };
		756D5AF5237E9BE2006FB222 /* Assets.xcassets */ = {isa = PBXFileReference; lastKnownFileType = folder.assetcatalog; path = Assets.xcassets; sourceTree = "<group>"; };
		756D5AF8237E9BE2006FB222 /* Base */ = {isa = PBXFileReference; lastKnownFileType = file.storyboard; name = Base; path = Base.lproj/LaunchScreen.storyboard; sourceTree = "<group>"; };
		756D5AFA237E9BE2006FB222 /* Info.plist */ = {isa = PBXFileReference; lastKnownFileType = text.plist.xml; path = Info.plist; sourceTree = "<group>"; };
		756D5AFF237E9BE2006FB222 /* Assignment2ShinHiroshiTests.xctest */ = {isa = PBXFileReference; explicitFileType = wrapper.cfbundle; includeInIndex = 0; path = Assignment2ShinHiroshiTests.xctest; sourceTree = BUILT_PRODUCTS_DIR; };
		756D5B03237E9BE2006FB222 /* Assignment2ShinHiroshiTests.swift */ = {isa = PBXFileReference; lastKnownFileType = sourcecode.swift; path = Assignment2ShinHiroshiTests.swift; sourceTree = "<group>"; };
		756D5B05237E9BE2006FB222 /* Info.plist */ = {isa = PBXFileReference; lastKnownFileType = text.plist.xml; path = Info.plist; sourceTree = "<group>"; };
		756D5B0A237E9BE2006FB222 /* Assignment2ShinHiroshiUITests.xctest */ = {isa = PBXFileReference; explicitFileType = wrapper.cfbundle; includeInIndex = 0; path = Assignment2ShinHiroshiUITests.xctest; sourceTree = BUILT_PRODUCTS_DIR; };
		756D5B0E237E9BE2006FB222 /* Assignment2ShinHiroshiUITests.swift */ = {isa = PBXFileReference; lastKnownFileType = sourcecode.swift; path = Assignment2ShinHiroshiUITests.swift; sourceTree = "<group>"; };
		756D5B10237E9BE2006FB222 /* Info.plist */ = {isa = PBXFileReference; lastKnownFileType = text.plist.xml; path = Info.plist; sourceTree = "<group>"; };
<<<<<<< HEAD
=======
		756D5B1C237EA036006FB222 /* MainView1.swift */ = {isa = PBXFileReference; lastKnownFileType = sourcecode.swift; path = MainView1.swift; sourceTree = "<group>"; };
>>>>>>> c581c7e1de48d2326660f9346053463e33e1de23
/* End PBXFileReference section */

/* Begin PBXFrameworksBuildPhase section */
		756D5AE6237E9BDF006FB222 /* Frameworks */ = {
			isa = PBXFrameworksBuildPhase;
			buildActionMask = 2147483647;
			files = (
			);
			runOnlyForDeploymentPostprocessing = 0;
		};
		756D5AFC237E9BE2006FB222 /* Frameworks */ = {
			isa = PBXFrameworksBuildPhase;
			buildActionMask = 2147483647;
			files = (
			);
			runOnlyForDeploymentPostprocessing = 0;
		};
		756D5B07237E9BE2006FB222 /* Frameworks */ = {
			isa = PBXFrameworksBuildPhase;
			buildActionMask = 2147483647;
			files = (
			);
			runOnlyForDeploymentPostprocessing = 0;
		};
/* End PBXFrameworksBuildPhase section */

/* Begin PBXGroup section */
<<<<<<< HEAD
		754BF7252383D23300E0FABE /* ui */ = {
			isa = PBXGroup;
			children = (
				754BF7262383D24400E0FABE /* MainView.swift */,
				754BF7282383D3A700E0FABE /* PaddingLabel.swift */,
=======
		754BF71F2383C43400E0FABE /* ui */ = {
			isa = PBXGroup;
			children = (
				756D5B1C237EA036006FB222 /* MainView1.swift */,
				754BF7202383C45000E0FABE /* PaddingLabel.swift */,
>>>>>>> c581c7e1de48d2326660f9346053463e33e1de23
			);
			path = ui;
			sourceTree = "<group>";
		};
		756D5AE0237E9BDF006FB222 = {
			isa = PBXGroup;
			children = (
				756D5AEB237E9BDF006FB222 /* Assignment2ShinHiroshi */,
				756D5B02237E9BE2006FB222 /* Assignment2ShinHiroshiTests */,
				756D5B0D237E9BE2006FB222 /* Assignment2ShinHiroshiUITests */,
				756D5AEA237E9BDF006FB222 /* Products */,
			);
			sourceTree = "<group>";
		};
		756D5AEA237E9BDF006FB222 /* Products */ = {
			isa = PBXGroup;
			children = (
				756D5AE9237E9BDF006FB222 /* Assignment2ShinHiroshi.app */,
				756D5AFF237E9BE2006FB222 /* Assignment2ShinHiroshiTests.xctest */,
				756D5B0A237E9BE2006FB222 /* Assignment2ShinHiroshiUITests.xctest */,
			);
			name = Products;
			sourceTree = "<group>";
		};
		756D5AEB237E9BDF006FB222 /* Assignment2ShinHiroshi */ = {
			isa = PBXGroup;
			children = (
<<<<<<< HEAD
				754BF7252383D23300E0FABE /* ui */,
=======
				754BF71F2383C43400E0FABE /* ui */,
>>>>>>> c581c7e1de48d2326660f9346053463e33e1de23
				756D5AEC237E9BDF006FB222 /* AppDelegate.swift */,
				756D5AEE237E9BDF006FB222 /* SceneDelegate.swift */,
				756D5AF0237E9BDF006FB222 /* ViewController.swift */,
				756D5AF2237E9BDF006FB222 /* Main.storyboard */,
				756D5AF5237E9BE2006FB222 /* Assets.xcassets */,
				756D5AF7237E9BE2006FB222 /* LaunchScreen.storyboard */,
				756D5AFA237E9BE2006FB222 /* Info.plist */,
			);
			path = Assignment2ShinHiroshi;
			sourceTree = "<group>";
		};
		756D5B02237E9BE2006FB222 /* Assignment2ShinHiroshiTests */ = {
			isa = PBXGroup;
			children = (
				756D5B03237E9BE2006FB222 /* Assignment2ShinHiroshiTests.swift */,
				756D5B05237E9BE2006FB222 /* Info.plist */,
			);
			path = Assignment2ShinHiroshiTests;
			sourceTree = "<group>";
		};
		756D5B0D237E9BE2006FB222 /* Assignment2ShinHiroshiUITests */ = {
			isa = PBXGroup;
			children = (
				756D5B0E237E9BE2006FB222 /* Assignment2ShinHiroshiUITests.swift */,
				756D5B10237E9BE2006FB222 /* Info.plist */,
			);
			path = Assignment2ShinHiroshiUITests;
			sourceTree = "<group>";
		};
/* End PBXGroup section */

/* Begin PBXNativeTarget section */
		756D5AE8237E9BDF006FB222 /* Assignment2ShinHiroshi */ = {
			isa = PBXNativeTarget;
			buildConfigurationList = 756D5B13237E9BE2006FB222 /* Build configuration list for PBXNativeTarget "Assignment2ShinHiroshi" */;
			buildPhases = (
				756D5AE5237E9BDF006FB222 /* Sources */,
				756D5AE6237E9BDF006FB222 /* Frameworks */,
				756D5AE7237E9BDF006FB222 /* Resources */,
			);
			buildRules = (
			);
			dependencies = (
			);
			name = Assignment2ShinHiroshi;
			productName = Assignment2ShinHiroshi;
			productReference = 756D5AE9237E9BDF006FB222 /* Assignment2ShinHiroshi.app */;
			productType = "com.apple.product-type.application";
		};
		756D5AFE237E9BE2006FB222 /* Assignment2ShinHiroshiTests */ = {
			isa = PBXNativeTarget;
			buildConfigurationList = 756D5B16237E9BE2006FB222 /* Build configuration list for PBXNativeTarget "Assignment2ShinHiroshiTests" */;
			buildPhases = (
				756D5AFB237E9BE2006FB222 /* Sources */,
				756D5AFC237E9BE2006FB222 /* Frameworks */,
				756D5AFD237E9BE2006FB222 /* Resources */,
			);
			buildRules = (
			);
			dependencies = (
				756D5B01237E9BE2006FB222 /* PBXTargetDependency */,
			);
			name = Assignment2ShinHiroshiTests;
			productName = Assignment2ShinHiroshiTests;
			productReference = 756D5AFF237E9BE2006FB222 /* Assignment2ShinHiroshiTests.xctest */;
			productType = "com.apple.product-type.bundle.unit-test";
		};
		756D5B09237E9BE2006FB222 /* Assignment2ShinHiroshiUITests */ = {
			isa = PBXNativeTarget;
			buildConfigurationList = 756D5B19237E9BE2006FB222 /* Build configuration list for PBXNativeTarget "Assignment2ShinHiroshiUITests" */;
			buildPhases = (
				756D5B06237E9BE2006FB222 /* Sources */,
				756D5B07237E9BE2006FB222 /* Frameworks */,
				756D5B08237E9BE2006FB222 /* Resources */,
			);
			buildRules = (
			);
			dependencies = (
				756D5B0C237E9BE2006FB222 /* PBXTargetDependency */,
			);
			name = Assignment2ShinHiroshiUITests;
			productName = Assignment2ShinHiroshiUITests;
			productReference = 756D5B0A237E9BE2006FB222 /* Assignment2ShinHiroshiUITests.xctest */;
			productType = "com.apple.product-type.bundle.ui-testing";
		};
/* End PBXNativeTarget section */

/* Begin PBXProject section */
		756D5AE1237E9BDF006FB222 /* Project object */ = {
			isa = PBXProject;
			attributes = {
				LastSwiftUpdateCheck = 1120;
				LastUpgradeCheck = 1120;
				ORGANIZATIONNAME = JFX;
				TargetAttributes = {
					756D5AE8237E9BDF006FB222 = {
						CreatedOnToolsVersion = 11.2.1;
					};
					756D5AFE237E9BE2006FB222 = {
						CreatedOnToolsVersion = 11.2.1;
						TestTargetID = 756D5AE8237E9BDF006FB222;
					};
					756D5B09237E9BE2006FB222 = {
						CreatedOnToolsVersion = 11.2.1;
						TestTargetID = 756D5AE8237E9BDF006FB222;
					};
				};
			};
			buildConfigurationList = 756D5AE4237E9BDF006FB222 /* Build configuration list for PBXProject "Assignment2ShinHiroshi" */;
			compatibilityVersion = "Xcode 9.3";
			developmentRegion = en;
			hasScannedForEncodings = 0;
			knownRegions = (
				en,
				Base,
			);
			mainGroup = 756D5AE0237E9BDF006FB222;
			productRefGroup = 756D5AEA237E9BDF006FB222 /* Products */;
			projectDirPath = "";
			projectRoot = "";
			targets = (
				756D5AE8237E9BDF006FB222 /* Assignment2ShinHiroshi */,
				756D5AFE237E9BE2006FB222 /* Assignment2ShinHiroshiTests */,
				756D5B09237E9BE2006FB222 /* Assignment2ShinHiroshiUITests */,
			);
		};
/* End PBXProject section */

/* Begin PBXResourcesBuildPhase section */
		756D5AE7237E9BDF006FB222 /* Resources */ = {
			isa = PBXResourcesBuildPhase;
			buildActionMask = 2147483647;
			files = (
				756D5AF9237E9BE2006FB222 /* LaunchScreen.storyboard in Resources */,
				756D5AF6237E9BE2006FB222 /* Assets.xcassets in Resources */,
				756D5AF4237E9BDF006FB222 /* Main.storyboard in Resources */,
			);
			runOnlyForDeploymentPostprocessing = 0;
		};
		756D5AFD237E9BE2006FB222 /* Resources */ = {
			isa = PBXResourcesBuildPhase;
			buildActionMask = 2147483647;
			files = (
			);
			runOnlyForDeploymentPostprocessing = 0;
		};
		756D5B08237E9BE2006FB222 /* Resources */ = {
			isa = PBXResourcesBuildPhase;
			buildActionMask = 2147483647;
			files = (
			);
			runOnlyForDeploymentPostprocessing = 0;
		};
/* End PBXResourcesBuildPhase section */

/* Begin PBXSourcesBuildPhase section */
		756D5AE5237E9BDF006FB222 /* Sources */ = {
			isa = PBXSourcesBuildPhase;
			buildActionMask = 2147483647;
			files = (
				754BF7292383D3A700E0FABE /* PaddingLabel.swift in Sources */,
				756D5AF1237E9BDF006FB222 /* ViewController.swift in Sources */,
<<<<<<< HEAD
=======
				754BF7212383C45000E0FABE /* PaddingLabel.swift in Sources */,
				756D5B1D237EA036006FB222 /* MainView1.swift in Sources */,
>>>>>>> c581c7e1de48d2326660f9346053463e33e1de23
				756D5AED237E9BDF006FB222 /* AppDelegate.swift in Sources */,
				754BF7272383D24400E0FABE /* MainView.swift in Sources */,
				756D5AEF237E9BDF006FB222 /* SceneDelegate.swift in Sources */,
			);
			runOnlyForDeploymentPostprocessing = 0;
		};
		756D5AFB237E9BE2006FB222 /* Sources */ = {
			isa = PBXSourcesBuildPhase;
			buildActionMask = 2147483647;
			files = (
				756D5B04237E9BE2006FB222 /* Assignment2ShinHiroshiTests.swift in Sources */,
			);
			runOnlyForDeploymentPostprocessing = 0;
		};
		756D5B06237E9BE2006FB222 /* Sources */ = {
			isa = PBXSourcesBuildPhase;
			buildActionMask = 2147483647;
			files = (
				756D5B0F237E9BE2006FB222 /* Assignment2ShinHiroshiUITests.swift in Sources */,
			);
			runOnlyForDeploymentPostprocessing = 0;
		};
/* End PBXSourcesBuildPhase section */

/* Begin PBXTargetDependency section */
		756D5B01237E9BE2006FB222 /* PBXTargetDependency */ = {
			isa = PBXTargetDependency;
			target = 756D5AE8237E9BDF006FB222 /* Assignment2ShinHiroshi */;
			targetProxy = 756D5B00237E9BE2006FB222 /* PBXContainerItemProxy */;
		};
		756D5B0C237E9BE2006FB222 /* PBXTargetDependency */ = {
			isa = PBXTargetDependency;
			target = 756D5AE8237E9BDF006FB222 /* Assignment2ShinHiroshi */;
			targetProxy = 756D5B0B237E9BE2006FB222 /* PBXContainerItemProxy */;
		};
/* End PBXTargetDependency section */

/* Begin PBXVariantGroup section */
		756D5AF2237E9BDF006FB222 /* Main.storyboard */ = {
			isa = PBXVariantGroup;
			children = (
				756D5AF3237E9BDF006FB222 /* Base */,
			);
			name = Main.storyboard;
			sourceTree = "<group>";
		};
		756D5AF7237E9BE2006FB222 /* LaunchScreen.storyboard */ = {
			isa = PBXVariantGroup;
			children = (
				756D5AF8237E9BE2006FB222 /* Base */,
			);
			name = LaunchScreen.storyboard;
			sourceTree = "<group>";
		};
/* End PBXVariantGroup section */

/* Begin XCBuildConfiguration section */
		756D5B11237E9BE2006FB222 /* Debug */ = {
			isa = XCBuildConfiguration;
			buildSettings = {
				ALWAYS_SEARCH_USER_PATHS = NO;
				CLANG_ANALYZER_NONNULL = YES;
				CLANG_ANALYZER_NUMBER_OBJECT_CONVERSION = YES_AGGRESSIVE;
				CLANG_CXX_LANGUAGE_STANDARD = "gnu++14";
				CLANG_CXX_LIBRARY = "libc++";
				CLANG_ENABLE_MODULES = YES;
				CLANG_ENABLE_OBJC_ARC = YES;
				CLANG_ENABLE_OBJC_WEAK = YES;
				CLANG_WARN_BLOCK_CAPTURE_AUTORELEASING = YES;
				CLANG_WARN_BOOL_CONVERSION = YES;
				CLANG_WARN_COMMA = YES;
				CLANG_WARN_CONSTANT_CONVERSION = YES;
				CLANG_WARN_DEPRECATED_OBJC_IMPLEMENTATIONS = YES;
				CLANG_WARN_DIRECT_OBJC_ISA_USAGE = YES_ERROR;
				CLANG_WARN_DOCUMENTATION_COMMENTS = YES;
				CLANG_WARN_EMPTY_BODY = YES;
				CLANG_WARN_ENUM_CONVERSION = YES;
				CLANG_WARN_INFINITE_RECURSION = YES;
				CLANG_WARN_INT_CONVERSION = YES;
				CLANG_WARN_NON_LITERAL_NULL_CONVERSION = YES;
				CLANG_WARN_OBJC_IMPLICIT_RETAIN_SELF = YES;
				CLANG_WARN_OBJC_LITERAL_CONVERSION = YES;
				CLANG_WARN_OBJC_ROOT_CLASS = YES_ERROR;
				CLANG_WARN_RANGE_LOOP_ANALYSIS = YES;
				CLANG_WARN_STRICT_PROTOTYPES = YES;
				CLANG_WARN_SUSPICIOUS_MOVE = YES;
				CLANG_WARN_UNGUARDED_AVAILABILITY = YES_AGGRESSIVE;
				CLANG_WARN_UNREACHABLE_CODE = YES;
				CLANG_WARN__DUPLICATE_METHOD_MATCH = YES;
				COPY_PHASE_STRIP = NO;
				DEBUG_INFORMATION_FORMAT = dwarf;
				ENABLE_STRICT_OBJC_MSGSEND = YES;
				ENABLE_TESTABILITY = YES;
				GCC_C_LANGUAGE_STANDARD = gnu11;
				GCC_DYNAMIC_NO_PIC = NO;
				GCC_NO_COMMON_BLOCKS = YES;
				GCC_OPTIMIZATION_LEVEL = 0;
				GCC_PREPROCESSOR_DEFINITIONS = (
					"DEBUG=1",
					"$(inherited)",
				);
				GCC_WARN_64_TO_32_BIT_CONVERSION = YES;
				GCC_WARN_ABOUT_RETURN_TYPE = YES_ERROR;
				GCC_WARN_UNDECLARED_SELECTOR = YES;
				GCC_WARN_UNINITIALIZED_AUTOS = YES_AGGRESSIVE;
				GCC_WARN_UNUSED_FUNCTION = YES;
				GCC_WARN_UNUSED_VARIABLE = YES;
				IPHONEOS_DEPLOYMENT_TARGET = 13.2;
				MTL_ENABLE_DEBUG_INFO = INCLUDE_SOURCE;
				MTL_FAST_MATH = YES;
				ONLY_ACTIVE_ARCH = YES;
				SDKROOT = iphoneos;
				SWIFT_ACTIVE_COMPILATION_CONDITIONS = DEBUG;
				SWIFT_OPTIMIZATION_LEVEL = "-Onone";
			};
			name = Debug;
		};
		756D5B12237E9BE2006FB222 /* Release */ = {
			isa = XCBuildConfiguration;
			buildSettings = {
				ALWAYS_SEARCH_USER_PATHS = NO;
				CLANG_ANALYZER_NONNULL = YES;
				CLANG_ANALYZER_NUMBER_OBJECT_CONVERSION = YES_AGGRESSIVE;
				CLANG_CXX_LANGUAGE_STANDARD = "gnu++14";
				CLANG_CXX_LIBRARY = "libc++";
				CLANG_ENABLE_MODULES = YES;
				CLANG_ENABLE_OBJC_ARC = YES;
				CLANG_ENABLE_OBJC_WEAK = YES;
				CLANG_WARN_BLOCK_CAPTURE_AUTORELEASING = YES;
				CLANG_WARN_BOOL_CONVERSION = YES;
				CLANG_WARN_COMMA = YES;
				CLANG_WARN_CONSTANT_CONVERSION = YES;
				CLANG_WARN_DEPRECATED_OBJC_IMPLEMENTATIONS = YES;
				CLANG_WARN_DIRECT_OBJC_ISA_USAGE = YES_ERROR;
				CLANG_WARN_DOCUMENTATION_COMMENTS = YES;
				CLANG_WARN_EMPTY_BODY = YES;
				CLANG_WARN_ENUM_CONVERSION = YES;
				CLANG_WARN_INFINITE_RECURSION = YES;
				CLANG_WARN_INT_CONVERSION = YES;
				CLANG_WARN_NON_LITERAL_NULL_CONVERSION = YES;
				CLANG_WARN_OBJC_IMPLICIT_RETAIN_SELF = YES;
				CLANG_WARN_OBJC_LITERAL_CONVERSION = YES;
				CLANG_WARN_OBJC_ROOT_CLASS = YES_ERROR;
				CLANG_WARN_RANGE_LOOP_ANALYSIS = YES;
				CLANG_WARN_STRICT_PROTOTYPES = YES;
				CLANG_WARN_SUSPICIOUS_MOVE = YES;
				CLANG_WARN_UNGUARDED_AVAILABILITY = YES_AGGRESSIVE;
				CLANG_WARN_UNREACHABLE_CODE = YES;
				CLANG_WARN__DUPLICATE_METHOD_MATCH = YES;
				COPY_PHASE_STRIP = NO;
				DEBUG_INFORMATION_FORMAT = "dwarf-with-dsym";
				ENABLE_NS_ASSERTIONS = NO;
				ENABLE_STRICT_OBJC_MSGSEND = YES;
				GCC_C_LANGUAGE_STANDARD = gnu11;
				GCC_NO_COMMON_BLOCKS = YES;
				GCC_WARN_64_TO_32_BIT_CONVERSION = YES;
				GCC_WARN_ABOUT_RETURN_TYPE = YES_ERROR;
				GCC_WARN_UNDECLARED_SELECTOR = YES;
				GCC_WARN_UNINITIALIZED_AUTOS = YES_AGGRESSIVE;
				GCC_WARN_UNUSED_FUNCTION = YES;
				GCC_WARN_UNUSED_VARIABLE = YES;
				IPHONEOS_DEPLOYMENT_TARGET = 13.2;
				MTL_ENABLE_DEBUG_INFO = NO;
				MTL_FAST_MATH = YES;
				SDKROOT = iphoneos;
				SWIFT_COMPILATION_MODE = wholemodule;
				SWIFT_OPTIMIZATION_LEVEL = "-O";
				VALIDATE_PRODUCT = YES;
			};
			name = Release;
		};
		756D5B14237E9BE2006FB222 /* Debug */ = {
			isa = XCBuildConfiguration;
			buildSettings = {
				ASSETCATALOG_COMPILER_APPICON_NAME = AppIcon;
				CODE_SIGN_STYLE = Automatic;
				INFOPLIST_FILE = Assignment2ShinHiroshi/Info.plist;
				LD_RUNPATH_SEARCH_PATHS = (
					"$(inherited)",
					"@executable_path/Frameworks",
				);
				PRODUCT_BUNDLE_IDENTIFIER = com.jfx.Assignment2ShinHiroshi;
				PRODUCT_NAME = "$(TARGET_NAME)";
				SWIFT_VERSION = 5.0;
				TARGETED_DEVICE_FAMILY = "1,2";
			};
			name = Debug;
		};
		756D5B15237E9BE2006FB222 /* Release */ = {
			isa = XCBuildConfiguration;
			buildSettings = {
				ASSETCATALOG_COMPILER_APPICON_NAME = AppIcon;
				CODE_SIGN_STYLE = Automatic;
				INFOPLIST_FILE = Assignment2ShinHiroshi/Info.plist;
				LD_RUNPATH_SEARCH_PATHS = (
					"$(inherited)",
					"@executable_path/Frameworks",
				);
				PRODUCT_BUNDLE_IDENTIFIER = com.jfx.Assignment2ShinHiroshi;
				PRODUCT_NAME = "$(TARGET_NAME)";
				SWIFT_VERSION = 5.0;
				TARGETED_DEVICE_FAMILY = "1,2";
			};
			name = Release;
		};
		756D5B17237E9BE2006FB222 /* Debug */ = {
			isa = XCBuildConfiguration;
			buildSettings = {
				ALWAYS_EMBED_SWIFT_STANDARD_LIBRARIES = YES;
				BUNDLE_LOADER = "$(TEST_HOST)";
				CODE_SIGN_STYLE = Automatic;
				INFOPLIST_FILE = Assignment2ShinHiroshiTests/Info.plist;
				IPHONEOS_DEPLOYMENT_TARGET = 13.2;
				LD_RUNPATH_SEARCH_PATHS = (
					"$(inherited)",
					"@executable_path/Frameworks",
					"@loader_path/Frameworks",
				);
				PRODUCT_BUNDLE_IDENTIFIER = com.jfx.Assignment2ShinHiroshiTests;
				PRODUCT_NAME = "$(TARGET_NAME)";
				SWIFT_VERSION = 5.0;
				TARGETED_DEVICE_FAMILY = "1,2";
				TEST_HOST = "$(BUILT_PRODUCTS_DIR)/Assignment2ShinHiroshi.app/Assignment2ShinHiroshi";
			};
			name = Debug;
		};
		756D5B18237E9BE2006FB222 /* Release */ = {
			isa = XCBuildConfiguration;
			buildSettings = {
				ALWAYS_EMBED_SWIFT_STANDARD_LIBRARIES = YES;
				BUNDLE_LOADER = "$(TEST_HOST)";
				CODE_SIGN_STYLE = Automatic;
				INFOPLIST_FILE = Assignment2ShinHiroshiTests/Info.plist;
				IPHONEOS_DEPLOYMENT_TARGET = 13.2;
				LD_RUNPATH_SEARCH_PATHS = (
					"$(inherited)",
					"@executable_path/Frameworks",
					"@loader_path/Frameworks",
				);
				PRODUCT_BUNDLE_IDENTIFIER = com.jfx.Assignment2ShinHiroshiTests;
				PRODUCT_NAME = "$(TARGET_NAME)";
				SWIFT_VERSION = 5.0;
				TARGETED_DEVICE_FAMILY = "1,2";
				TEST_HOST = "$(BUILT_PRODUCTS_DIR)/Assignment2ShinHiroshi.app/Assignment2ShinHiroshi";
			};
			name = Release;
		};
		756D5B1A237E9BE2006FB222 /* Debug */ = {
			isa = XCBuildConfiguration;
			buildSettings = {
				ALWAYS_EMBED_SWIFT_STANDARD_LIBRARIES = YES;
				CODE_SIGN_STYLE = Automatic;
				INFOPLIST_FILE = Assignment2ShinHiroshiUITests/Info.plist;
				LD_RUNPATH_SEARCH_PATHS = (
					"$(inherited)",
					"@executable_path/Frameworks",
					"@loader_path/Frameworks",
				);
				PRODUCT_BUNDLE_IDENTIFIER = com.jfx.Assignment2ShinHiroshiUITests;
				PRODUCT_NAME = "$(TARGET_NAME)";
				SWIFT_VERSION = 5.0;
				TARGETED_DEVICE_FAMILY = "1,2";
				TEST_TARGET_NAME = Assignment2ShinHiroshi;
			};
			name = Debug;
		};
		756D5B1B237E9BE2006FB222 /* Release */ = {
			isa = XCBuildConfiguration;
			buildSettings = {
				ALWAYS_EMBED_SWIFT_STANDARD_LIBRARIES = YES;
				CODE_SIGN_STYLE = Automatic;
				INFOPLIST_FILE = Assignment2ShinHiroshiUITests/Info.plist;
				LD_RUNPATH_SEARCH_PATHS = (
					"$(inherited)",
					"@executable_path/Frameworks",
					"@loader_path/Frameworks",
				);
				PRODUCT_BUNDLE_IDENTIFIER = com.jfx.Assignment2ShinHiroshiUITests;
				PRODUCT_NAME = "$(TARGET_NAME)";
				SWIFT_VERSION = 5.0;
				TARGETED_DEVICE_FAMILY = "1,2";
				TEST_TARGET_NAME = Assignment2ShinHiroshi;
			};
			name = Release;
		};
/* End XCBuildConfiguration section */

/* Begin XCConfigurationList section */
		756D5AE4237E9BDF006FB222 /* Build configuration list for PBXProject "Assignment2ShinHiroshi" */ = {
			isa = XCConfigurationList;
			buildConfigurations = (
				756D5B11237E9BE2006FB222 /* Debug */,
				756D5B12237E9BE2006FB222 /* Release */,
			);
			defaultConfigurationIsVisible = 0;
			defaultConfigurationName = Release;
		};
		756D5B13237E9BE2006FB222 /* Build configuration list for PBXNativeTarget "Assignment2ShinHiroshi" */ = {
			isa = XCConfigurationList;
			buildConfigurations = (
				756D5B14237E9BE2006FB222 /* Debug */,
				756D5B15237E9BE2006FB222 /* Release */,
			);
			defaultConfigurationIsVisible = 0;
			defaultConfigurationName = Release;
		};
		756D5B16237E9BE2006FB222 /* Build configuration list for PBXNativeTarget "Assignment2ShinHiroshiTests" */ = {
			isa = XCConfigurationList;
			buildConfigurations = (
				756D5B17237E9BE2006FB222 /* Debug */,
				756D5B18237E9BE2006FB222 /* Release */,
			);
			defaultConfigurationIsVisible = 0;
			defaultConfigurationName = Release;
		};
		756D5B19237E9BE2006FB222 /* Build configuration list for PBXNativeTarget "Assignment2ShinHiroshiUITests" */ = {
			isa = XCConfigurationList;
			buildConfigurations = (
				756D5B1A237E9BE2006FB222 /* Debug */,
				756D5B1B237E9BE2006FB222 /* Release */,
			);
			defaultConfigurationIsVisible = 0;
			defaultConfigurationName = Release;
		};
/* End XCConfigurationList section */
	};
	rootObject = 756D5AE1237E9BDF006FB222 /* Project object */;
}
